
Microsoft Visual Studio Solution File, Format Version 12.00
# Visual Studio Version 17
VisualStudioVersion = 17.3.32819.101
MinimumVisualStudioVersion = 10.0.40219.1
Project("{FAE04EC0-301F-11D3-BF4B-00C04F79EFBC}") = "EfCoreTest", "EfCoreTest\EfCoreTest.csproj", "{7C118CA5-CEF9-4716-8993-F31D5AB3AFA8}"
EndProject
Global
	GlobalSection(SolutionConfigurationPlatforms) = preSolution
		Debug|Any CPU = Debug|Any CPU
		Release|Any CPU = Release|Any CPU
	EndGlobalSection
	GlobalSection(ProjectConfigurationPlatforms) = postSolution
		{7C118CA5-CEF9-4716-8993-F31D5AB3AFA8}.Debug|Any CPU.ActiveCfg = Debug|Any CPU
		{7C118CA5-CEF9-4716-8993-F31D5AB3AFA8}.Debug|Any CPU.Build.0 = Debug|Any CPU
		{7C118CA5-CEF9-4716-8993-F31D5AB3AFA8}.Release|Any CPU.ActiveCfg = Release|Any CPU
		{7C118CA5-CEF9-4716-8993-F31D5AB3AFA8}.Release|Any CPU.Build.0 = Release|Any CPU
	EndGlobalSection
	GlobalSection(SolutionProperties) = preSolution
		HideSolutionNode = FALSE
	EndGlobalSection
	GlobalSection(ExtensibilityGlobals) = postSolution
		SolutionGuid = {F0AF7E0A-C26B-4CA4-8E84-F3DA08CEECD3}
	EndGlobalSection
EndGlobal
